// !$*UTF8*$!
{
	archiveVersion = 1;
	classes = {
	};
	objectVersion = 50;
	objects = {

/* Begin PBXBuildFile section */
		490AC26C2461939A00A68DEF /* AppDelegate.swift in Sources */ = {isa = PBXBuildFile; fileRef = 490AC26B2461939A00A68DEF /* AppDelegate.swift */; };
		490AC2702461939A00A68DEF /* Timer Controller.swift in Sources */ = {isa = PBXBuildFile; fileRef = 490AC26F2461939A00A68DEF /* Timer Controller.swift */; };
		490AC2732461939A00A68DEF /* Main.storyboard in Resources */ = {isa = PBXBuildFile; fileRef = 490AC2712461939A00A68DEF /* Main.storyboard */; };
		490AC2752461939C00A68DEF /* Assets.xcassets in Resources */ = {isa = PBXBuildFile; fileRef = 490AC2742461939C00A68DEF /* Assets.xcassets */; };
		490AC2782461939C00A68DEF /* LaunchScreen.storyboard in Resources */ = {isa = PBXBuildFile; fileRef = 490AC2762461939C00A68DEF /* LaunchScreen.storyboard */; };
		490AC280246197A300A68DEF /* dune.png in Resources */ = {isa = PBXBuildFile; fileRef = 490AC27F246197A300A68DEF /* dune.png */; };
		49895FD9246AAF2600163AC3 /* Button.swift in Sources */ = {isa = PBXBuildFile; fileRef = 49895FD8246AAF2600163AC3 /* Button.swift */; };
		49895FDC246AB3B600163AC3 /* Template Controller.swift in Sources */ = {isa = PBXBuildFile; fileRef = 49895FDB246AB3B600163AC3 /* Template Controller.swift */; };
		49895FE0246AB6D700163AC3 /* Terraces.swift in Sources */ = {isa = PBXBuildFile; fileRef = 49895FDF246AB6D700163AC3 /* Terraces.swift */; };
		49895FE3246BD69700163AC3 /* Stepper Controller.swift in Sources */ = {isa = PBXBuildFile; fileRef = 49895FE2246BD69700163AC3 /* Stepper Controller.swift */; };
		49895FE5246BDC8F00163AC3 /* Slider Controller.swift in Sources */ = {isa = PBXBuildFile; fileRef = 49895FE4246BDC8F00163AC3 /* Slider Controller.swift */; };
		49E916FA24643EB000EC6EE3 /* Switch Controller.swift in Sources */ = {isa = PBXBuildFile; fileRef = 49E916F924643EB000EC6EE3 /* Switch Controller.swift */; };
		49E916FE24643F2B00EC6EE3 /* Button Controller.swift in Sources */ = {isa = PBXBuildFile; fileRef = 49E916FD24643F2B00EC6EE3 /* Button Controller.swift */; };
		49E91701246442B400EC6EE3 /* Hub Controller.swift in Sources */ = {isa = PBXBuildFile; fileRef = 49E91700246442B400EC6EE3 /* Hub Controller.swift */; };
/* End PBXBuildFile section */

/* Begin PBXFileReference section */
		490AC2682461939A00A68DEF /* PushMyButton.app */ = {isa = PBXFileReference; explicitFileType = wrapper.application; includeInIndex = 0; path = PushMyButton.app; sourceTree = BUILT_PRODUCTS_DIR; };
		490AC26B2461939A00A68DEF /* AppDelegate.swift */ = {isa = PBXFileReference; lastKnownFileType = sourcecode.swift; path = AppDelegate.swift; sourceTree = "<group>"; };
		490AC26F2461939A00A68DEF /* Timer Controller.swift */ = {isa = PBXFileReference; lastKnownFileType = sourcecode.swift; path = "Timer Controller.swift"; sourceTree = "<group>"; };
		490AC2722461939A00A68DEF /* Base */ = {isa = PBXFileReference; lastKnownFileType = file.storyboard; name = Base; path = Base.lproj/Main.storyboard; sourceTree = "<group>"; };
		490AC2742461939C00A68DEF /* Assets.xcassets */ = {isa = PBXFileReference; lastKnownFileType = folder.assetcatalog; path = Assets.xcassets; sourceTree = "<group>"; };
		490AC2772461939C00A68DEF /* Base */ = {isa = PBXFileReference; lastKnownFileType = file.storyboard; name = Base; path = Base.lproj/LaunchScreen.storyboard; sourceTree = "<group>"; };
		490AC2792461939C00A68DEF /* Info.plist */ = {isa = PBXFileReference; lastKnownFileType = text.plist.xml; path = Info.plist; sourceTree = "<group>"; };
		490AC27F246197A300A68DEF /* dune.png */ = {isa = PBXFileReference; lastKnownFileType = image.png; path = dune.png; sourceTree = "<group>"; };
		49895FD8246AAF2600163AC3 /* Button.swift */ = {isa = PBXFileReference; lastKnownFileType = sourcecode.swift; path = Button.swift; sourceTree = "<group>"; };
		49895FDB246AB3B600163AC3 /* Template Controller.swift */ = {isa = PBXFileReference; lastKnownFileType = sourcecode.swift; path = "Template Controller.swift"; sourceTree = "<group>"; };
		49895FDF246AB6D700163AC3 /* Terraces.swift */ = {isa = PBXFileReference; lastKnownFileType = sourcecode.swift; path = Terraces.swift; sourceTree = "<group>"; };
		49895FE2246BD69700163AC3 /* Stepper Controller.swift */ = {isa = PBXFileReference; lastKnownFileType = sourcecode.swift; path = "Stepper Controller.swift"; sourceTree = "<group>"; };
		49895FE4246BDC8F00163AC3 /* Slider Controller.swift */ = {isa = PBXFileReference; lastKnownFileType = sourcecode.swift; path = "Slider Controller.swift"; sourceTree = "<group>"; };
		49E916F924643EB000EC6EE3 /* Switch Controller.swift */ = {isa = PBXFileReference; lastKnownFileType = sourcecode.swift; path = "Switch Controller.swift"; sourceTree = "<group>"; };
		49E916FD24643F2B00EC6EE3 /* Button Controller.swift */ = {isa = PBXFileReference; lastKnownFileType = sourcecode.swift; path = "Button Controller.swift"; sourceTree = "<group>"; };
		49E91700246442B400EC6EE3 /* Hub Controller.swift */ = {isa = PBXFileReference; lastKnownFileType = sourcecode.swift; path = "Hub Controller.swift"; sourceTree = "<group>"; };
/* End PBXFileReference section */

/* Begin PBXFrameworksBuildPhase section */
		490AC2652461939A00A68DEF /* Frameworks */ = {
			isa = PBXFrameworksBuildPhase;
			buildActionMask = 2147483647;
			files = (
			);
			runOnlyForDeploymentPostprocessing = 0;
		};
/* End PBXFrameworksBuildPhase section */

/* Begin PBXGroup section */
		490AC25F2461939A00A68DEF = {
			isa = PBXGroup;
			children = (
				490AC26A2461939A00A68DEF /* PushMyButton */,
				490AC2692461939A00A68DEF /* Products */,
			);
			sourceTree = "<group>";
		};
		490AC2692461939A00A68DEF /* Products */ = {
			isa = PBXGroup;
			children = (
				490AC2682461939A00A68DEF /* PushMyButton.app */,
			);
			name = Products;
			sourceTree = "<group>";
		};
		490AC26A2461939A00A68DEF /* PushMyButton */ = {
			isa = PBXGroup;
			children = (
				49895FE1246ABCB700163AC3 /* Exotic */,
				49895FDA246AB38600163AC3 /* Templates */,
				49895FD7246AAF1200163AC3 /* Extensions */,
				490AC27F246197A300A68DEF /* dune.png */,
				490AC26B2461939A00A68DEF /* AppDelegate.swift */,
				490AC2712461939A00A68DEF /* Main.storyboard */,
				490AC2762461939C00A68DEF /* LaunchScreen.storyboard */,
				490AC2792461939C00A68DEF /* Info.plist */,
				490AC2742461939C00A68DEF /* Assets.xcassets */,
				49E91700246442B400EC6EE3 /* Hub Controller.swift */,
				490AC26F2461939A00A68DEF /* Timer Controller.swift */,
				49E916F924643EB000EC6EE3 /* Switch Controller.swift */,
				49E916FD24643F2B00EC6EE3 /* Button Controller.swift */,
				49895FE2246BD69700163AC3 /* Stepper Controller.swift */,
				49895FE4246BDC8F00163AC3 /* Slider Controller.swift */,
			);
			path = PushMyButton;
			sourceTree = "<group>";
		};
		49895FD7246AAF1200163AC3 /* Extensions */ = {
			isa = PBXGroup;
			children = (
				49895FD8246AAF2600163AC3 /* Button.swift */,
			);
			path = Extensions;
			sourceTree = "<group>";
		};
		49895FDA246AB38600163AC3 /* Templates */ = {
			isa = PBXGroup;
			children = (
				49895FDB246AB3B600163AC3 /* Template Controller.swift */,
			);
			path = Templates;
			sourceTree = "<group>";
		};
		49895FE1246ABCB700163AC3 /* Exotic */ = {
			isa = PBXGroup;
			children = (
				49895FDF246AB6D700163AC3 /* Terraces.swift */,
			);
			path = Exotic;
			sourceTree = "<group>";
		};
/* End PBXGroup section */

/* Begin PBXNativeTarget section */
		490AC2672461939A00A68DEF /* PushMyButton */ = {
			isa = PBXNativeTarget;
			buildConfigurationList = 490AC27C2461939C00A68DEF /* Build configuration list for PBXNativeTarget "PushMyButton" */;
			buildPhases = (
				490AC2642461939A00A68DEF /* Sources */,
				490AC2652461939A00A68DEF /* Frameworks */,
				490AC2662461939A00A68DEF /* Resources */,
			);
			buildRules = (
			);
			dependencies = (
			);
			name = PushMyButton;
			productName = PushMyButton;
			productReference = 490AC2682461939A00A68DEF /* PushMyButton.app */;
			productType = "com.apple.product-type.application";
		};
/* End PBXNativeTarget section */

/* Begin PBXProject section */
		490AC2602461939A00A68DEF /* Project object */ = {
			isa = PBXProject;
			attributes = {
				LastSwiftUpdateCheck = 1140;
				LastUpgradeCheck = 1140;
				ORGANIZATIONNAME = playable_systems;
				TargetAttributes = {
					490AC2672461939A00A68DEF = {
						CreatedOnToolsVersion = 11.4.1;
					};
				};
			};
			buildConfigurationList = 490AC2632461939A00A68DEF /* Build configuration list for PBXProject "PushMyButton" */;
			compatibilityVersion = "Xcode 9.3";
			developmentRegion = en;
			hasScannedForEncodings = 0;
			knownRegions = (
				en,
				Base,
			);
			mainGroup = 490AC25F2461939A00A68DEF;
			productRefGroup = 490AC2692461939A00A68DEF /* Products */;
			projectDirPath = "";
			projectRoot = "";
			targets = (
				490AC2672461939A00A68DEF /* PushMyButton */,
			);
		};
/* End PBXProject section */

/* Begin PBXResourcesBuildPhase section */
		490AC2662461939A00A68DEF /* Resources */ = {
			isa = PBXResourcesBuildPhase;
			buildActionMask = 2147483647;
			files = (
				490AC2782461939C00A68DEF /* LaunchScreen.storyboard in Resources */,
				490AC2752461939C00A68DEF /* Assets.xcassets in Resources */,
				490AC2732461939A00A68DEF /* Main.storyboard in Resources */,
				490AC280246197A300A68DEF /* dune.png in Resources */,
			);
			runOnlyForDeploymentPostprocessing = 0;
		};
/* End PBXResourcesBuildPhase section */

/* Begin PBXSourcesBuildPhase section */
		490AC2642461939A00A68DEF /* Sources */ = {
			isa = PBXSourcesBuildPhase;
			buildActionMask = 2147483647;
			files = (
				49E916FA24643EB000EC6EE3 /* Switch Controller.swift in Sources */,
				49895FD9246AAF2600163AC3 /* Button.swift in Sources */,
				490AC2702461939A00A68DEF /* Timer Controller.swift in Sources */,
				49895FDC246AB3B600163AC3 /* Template Controller.swift in Sources */,
				49895FE3246BD69700163AC3 /* Stepper Controller.swift in Sources */,
				49E91701246442B400EC6EE3 /* Hub Controller.swift in Sources */,
				49895FE0246AB6D700163AC3 /* Terraces.swift in Sources */,
				49895FE5246BDC8F00163AC3 /* Slider Controller.swift in Sources */,
				490AC26C2461939A00A68DEF /* AppDelegate.swift in Sources */,
				49E916FE24643F2B00EC6EE3 /* Button Controller.swift in Sources */,
			);
			runOnlyForDeploymentPostprocessing = 0;
		};
/* End PBXSourcesBuildPhase section */

/* Begin PBXVariantGroup section */
		490AC2712461939A00A68DEF /* Main.storyboard */ = {
			isa = PBXVariantGroup;
			children = (
				490AC2722461939A00A68DEF /* Base */,
			);
			name = Main.storyboard;
			sourceTree = "<group>";
		};
		490AC2762461939C00A68DEF /* LaunchScreen.storyboard */ = {
			isa = PBXVariantGroup;
			children = (
				490AC2772461939C00A68DEF /* Base */,
			);
			name = LaunchScreen.storyboard;
			sourceTree = "<group>";
		};
/* End PBXVariantGroup section */

/* Begin XCBuildConfiguration section */
		490AC27A2461939C00A68DEF /* Debug */ = {
			isa = XCBuildConfiguration;
			buildSettings = {
				ALWAYS_SEARCH_USER_PATHS = NO;
				CLANG_ANALYZER_NONNULL = YES;
				CLANG_ANALYZER_NUMBER_OBJECT_CONVERSION = YES_AGGRESSIVE;
				CLANG_CXX_LANGUAGE_STANDARD = "gnu++14";
				CLANG_CXX_LIBRARY = "libc++";
				CLANG_ENABLE_MODULES = YES;
				CLANG_ENABLE_OBJC_ARC = YES;
				CLANG_ENABLE_OBJC_WEAK = YES;
				CLANG_WARN_BLOCK_CAPTURE_AUTORELEASING = YES;
				CLANG_WARN_BOOL_CONVERSION = YES;
				CLANG_WARN_COMMA = YES;
				CLANG_WARN_CONSTANT_CONVERSION = YES;
				CLANG_WARN_DEPRECATED_OBJC_IMPLEMENTATIONS = YES;
				CLANG_WARN_DIRECT_OBJC_ISA_USAGE = YES_ERROR;
				CLANG_WARN_DOCUMENTATION_COMMENTS = YES;
				CLANG_WARN_EMPTY_BODY = YES;
				CLANG_WARN_ENUM_CONVERSION = YES;
				CLANG_WARN_INFINITE_RECURSION = YES;
				CLANG_WARN_INT_CONVERSION = YES;
				CLANG_WARN_NON_LITERAL_NULL_CONVERSION = YES;
				CLANG_WARN_OBJC_IMPLICIT_RETAIN_SELF = YES;
				CLANG_WARN_OBJC_LITERAL_CONVERSION = YES;
				CLANG_WARN_OBJC_ROOT_CLASS = YES_ERROR;
				CLANG_WARN_RANGE_LOOP_ANALYSIS = YES;
				CLANG_WARN_STRICT_PROTOTYPES = YES;
				CLANG_WARN_SUSPICIOUS_MOVE = YES;
				CLANG_WARN_UNGUARDED_AVAILABILITY = YES_AGGRESSIVE;
				CLANG_WARN_UNREACHABLE_CODE = YES;
				CLANG_WARN__DUPLICATE_METHOD_MATCH = YES;
				COPY_PHASE_STRIP = NO;
				DEBUG_INFORMATION_FORMAT = dwarf;
				ENABLE_STRICT_OBJC_MSGSEND = YES;
				ENABLE_TESTABILITY = YES;
				GCC_C_LANGUAGE_STANDARD = gnu11;
				GCC_DYNAMIC_NO_PIC = NO;
				GCC_NO_COMMON_BLOCKS = YES;
				GCC_OPTIMIZATION_LEVEL = 0;
				GCC_PREPROCESSOR_DEFINITIONS = (
					"DEBUG=1",
					"$(inherited)",
				);
				GCC_WARN_64_TO_32_BIT_CONVERSION = YES;
				GCC_WARN_ABOUT_RETURN_TYPE = YES_ERROR;
				GCC_WARN_UNDECLARED_SELECTOR = YES;
				GCC_WARN_UNINITIALIZED_AUTOS = YES_AGGRESSIVE;
				GCC_WARN_UNUSED_FUNCTION = YES;
				GCC_WARN_UNUSED_VARIABLE = YES;
				IPHONEOS_DEPLOYMENT_TARGET = 13.4;
				MTL_ENABLE_DEBUG_INFO = INCLUDE_SOURCE;
				MTL_FAST_MATH = YES;
				ONLY_ACTIVE_ARCH = YES;
				SDKROOT = iphoneos;
				SWIFT_ACTIVE_COMPILATION_CONDITIONS = DEBUG;
				SWIFT_OPTIMIZATION_LEVEL = "-Onone";
			};
			name = Debug;
		};
		490AC27B2461939C00A68DEF /* Release */ = {
			isa = XCBuildConfiguration;
			buildSettings = {
				ALWAYS_SEARCH_USER_PATHS = NO;
				CLANG_ANALYZER_NONNULL = YES;
				CLANG_ANALYZER_NUMBER_OBJECT_CONVERSION = YES_AGGRESSIVE;
				CLANG_CXX_LANGUAGE_STANDARD = "gnu++14";
				CLANG_CXX_LIBRARY = "libc++";
				CLANG_ENABLE_MODULES = YES;
				CLANG_ENABLE_OBJC_ARC = YES;
				CLANG_ENABLE_OBJC_WEAK = YES;
				CLANG_WARN_BLOCK_CAPTURE_AUTORELEASING = YES;
				CLANG_WARN_BOOL_CONVERSION = YES;
				CLANG_WARN_COMMA = YES;
				CLANG_WARN_CONSTANT_CONVERSION = YES;
				CLANG_WARN_DEPRECATED_OBJC_IMPLEMENTATIONS = YES;
				CLANG_WARN_DIRECT_OBJC_ISA_USAGE = YES_ERROR;
				CLANG_WARN_DOCUMENTATION_COMMENTS = YES;
				CLANG_WARN_EMPTY_BODY = YES;
				CLANG_WARN_ENUM_CONVERSION = YES;
				CLANG_WARN_INFINITE_RECURSION = YES;
				CLANG_WARN_INT_CONVERSION = YES;
				CLANG_WARN_NON_LITERAL_NULL_CONVERSION = YES;
				CLANG_WARN_OBJC_IMPLICIT_RETAIN_SELF = YES;
				CLANG_WARN_OBJC_LITERAL_CONVERSION = YES;
				CLANG_WARN_OBJC_ROOT_CLASS = YES_ERROR;
				CLANG_WARN_RANGE_LOOP_ANALYSIS = YES;
				CLANG_WARN_STRICT_PROTOTYPES = YES;
				CLANG_WARN_SUSPICIOUS_MOVE = YES;
				CLANG_WARN_UNGUARDED_AVAILABILITY = YES_AGGRESSIVE;
				CLANG_WARN_UNREACHABLE_CODE = YES;
				CLANG_WARN__DUPLICATE_METHOD_MATCH = YES;
				COPY_PHASE_STRIP = NO;
				DEBUG_INFORMATION_FORMAT = "dwarf-with-dsym";
				ENABLE_NS_ASSERTIONS = NO;
				ENABLE_STRICT_OBJC_MSGSEND = YES;
				GCC_C_LANGUAGE_STANDARD = gnu11;
				GCC_NO_COMMON_BLOCKS = YES;
				GCC_WARN_64_TO_32_BIT_CONVERSION = YES;
				GCC_WARN_ABOUT_RETURN_TYPE = YES_ERROR;
				GCC_WARN_UNDECLARED_SELECTOR = YES;
				GCC_WARN_UNINITIALIZED_AUTOS = YES_AGGRESSIVE;
				GCC_WARN_UNUSED_FUNCTION = YES;
				GCC_WARN_UNUSED_VARIABLE = YES;
				IPHONEOS_DEPLOYMENT_TARGET = 13.4;
				MTL_ENABLE_DEBUG_INFO = NO;
				MTL_FAST_MATH = YES;
				SDKROOT = iphoneos;
				SWIFT_COMPILATION_MODE = wholemodule;
				SWIFT_OPTIMIZATION_LEVEL = "-O";
				VALIDATE_PRODUCT = YES;
			};
			name = Release;
		};
		490AC27D2461939C00A68DEF /* Debug */ = {
			isa = XCBuildConfiguration;
			buildSettings = {
				ASSETCATALOG_COMPILER_APPICON_NAME = AppIcon;
				CODE_SIGN_STYLE = Automatic;
				DEVELOPMENT_TEAM = NES4E5L6E8;
				INFOPLIST_FILE = PushMyButton/Info.plist;
				IPHONEOS_DEPLOYMENT_TARGET = 13.0;
				LD_RUNPATH_SEARCH_PATHS = (
					"$(inherited)",
					"@executable_path/Frameworks",
				);
				PRODUCT_BUNDLE_IDENTIFIER = com.miguelsicart.net.PushMyButton;
				PRODUCT_NAME = "$(TARGET_NAME)";
				SWIFT_VERSION = 5.0;
				TARGETED_DEVICE_FAMILY = 1;
			};
			name = Debug;
		};
		490AC27E2461939C00A68DEF /* Release */ = {
			isa = XCBuildConfiguration;
			buildSettings = {
				ASSETCATALOG_COMPILER_APPICON_NAME = AppIcon;
				CODE_SIGN_STYLE = Automatic;
				DEVELOPMENT_TEAM = NES4E5L6E8;
				INFOPLIST_FILE = PushMyButton/Info.plist;
				IPHONEOS_DEPLOYMENT_TARGET = 13.0;
				LD_RUNPATH_SEARCH_PATHS = (
					"$(inherited)",
					"@executable_path/Frameworks",
				);
				PRODUCT_BUNDLE_IDENTIFIER = com.miguelsicart.net.PushMyButton;
				PRODUCT_NAME = "$(TARGET_NAME)";
				SWIFT_VERSION = 5.0;
				TARGETED_DEVICE_FAMILY = 1;
			};
			name = Release;
		};
/* End XCBuildConfiguration section */

/* Begin XCConfigurationList section */
		490AC2632461939A00A68DEF /* Build configuration list for PBXProject "PushMyButton" */ = {
			isa = XCConfigurationList;
			buildConfigurations = (
				490AC27A2461939C00A68DEF /* Debug */,
				490AC27B2461939C00A68DEF /* Release */,
			);
			defaultConfigurationIsVisible = 0;
			defaultConfigurationName = Release;
		};
		490AC27C2461939C00A68DEF /* Build configuration list for PBXNativeTarget "PushMyButton" */ = {
			isa = XCConfigurationList;
			buildConfigurations = (
				490AC27D2461939C00A68DEF /* Debug */,
				490AC27E2461939C00A68DEF /* Release */,
			);
			defaultConfigurationIsVisible = 0;
			defaultConfigurationName = Release;
		};
/* End XCConfigurationList section */
	};
	rootObject = 490AC2602461939A00A68DEF /* Project object */;
}
